
Microsoft Visual Studio Solution File, Format Version 12.00
Project("{FAE04EC0-301F-11D3-BF4B-00C04F79EFBC}") = "apbd_tutorial_6", "apbd_tutorial_6.csproj", "{88B2674D-D83F-4415-8C4F-72B1EBCFE393}"
EndProject
Global
	GlobalSection(SolutionConfigurationPlatforms) = preSolution
		Debug|Any CPU = Debug|Any CPU
		Release|Any CPU = Release|Any CPU
	EndGlobalSection
	GlobalSection(ProjectConfigurationPlatforms) = postSolution
		{88B2674D-D83F-4415-8C4F-72B1EBCFE393}.Debug|Any CPU.ActiveCfg = Debug|Any CPU
		{88B2674D-D83F-4415-8C4F-72B1EBCFE393}.Debug|Any CPU.Build.0 = Debug|Any CPU
		{88B2674D-D83F-4415-8C4F-72B1EBCFE393}.Release|Any CPU.ActiveCfg = Release|Any CPU
		{88B2674D-D83F-4415-8C4F-72B1EBCFE393}.Release|Any CPU.Build.0 = Release|Any CPU
	EndGlobalSection
EndGlobal
